
Microsoft Visual Studio Solution File, Format Version 12.00
# Visual Studio 15
VisualStudioVersion = 15.0.26730.3
MinimumVisualStudioVersion = 10.0.40219.1
Project("{9A19103F-16F7-4668-BE54-9A1E7A4F7556}") = "KatBot", "KatBot\KatBot.csproj", "{0C9216C6-12E6-41D4-8B50-827E1E949F2D}"
EndProject
Global
	GlobalSection(SolutionConfigurationPlatforms) = preSolution
		Debug|Any CPU = Debug|Any CPU
		GlobalNadeko|Any CPU = GlobalNadeko|Any CPU
		Release|Any CPU = Release|Any CPU
	EndGlobalSection
	GlobalSection(ProjectConfigurationPlatforms) = postSolution
		{0C9216C6-12E6-41D4-8B50-827E1E949F2D}.Debug|Any CPU.ActiveCfg = Debug|Any CPU
		{0C9216C6-12E6-41D4-8B50-827E1E949F2D}.Debug|Any CPU.Build.0 = Debug|Any CPU
		{0C9216C6-12E6-41D4-8B50-827E1E949F2D}.GlobalNadeko|Any CPU.ActiveCfg = Release|Any CPU
		{0C9216C6-12E6-41D4-8B50-827E1E949F2D}.GlobalNadeko|Any CPU.Build.0 = Release|Any CPU
		{0C9216C6-12E6-41D4-8B50-827E1E949F2D}.Release|Any CPU.ActiveCfg = Release|Any CPU
		{0C9216C6-12E6-41D4-8B50-827E1E949F2D}.Release|Any CPU.Build.0 = Release|Any CPU
	EndGlobalSection
	GlobalSection(SolutionProperties) = preSolution
		HideSolutionNode = FALSE
	EndGlobalSection
	GlobalSection(ExtensibilityGlobals) = postSolution
		SolutionGuid = {108D7310-46AD-4145-BE77-82A988CA4782}
	EndGlobalSection
EndGlobal
